
Microsoft Visual Studio Solution File, Format Version 12.00
# Visual Studio Version 16
VisualStudioVersion = 16.0.30907.101
MinimumVisualStudioVersion = 10.0.40219.1
Project("{FAE04EC0-301F-11D3-BF4B-00C04F79EFBC}") = "ConsoleApp3", "ConsoleApp3\ConsoleApp3.csproj", "{D9986F34-BCE4-4C98-8CEF-2E77CC908603}"
EndProject
Global
	GlobalSection(SolutionConfigurationPlatforms) = preSolution
		Debug|Any CPU = Debug|Any CPU
		Release|Any CPU = Release|Any CPU
	EndGlobalSection
	GlobalSection(ProjectConfigurationPlatforms) = postSolution
		{D9986F34-BCE4-4C98-8CEF-2E77CC908603}.Debug|Any CPU.ActiveCfg = Debug|Any CPU
		{D9986F34-BCE4-4C98-8CEF-2E77CC908603}.Debug|Any CPU.Build.0 = Debug|Any CPU
		{D9986F34-BCE4-4C98-8CEF-2E77CC908603}.Release|Any CPU.ActiveCfg = Release|Any CPU
		{D9986F34-BCE4-4C98-8CEF-2E77CC908603}.Release|Any CPU.Build.0 = Release|Any CPU
	EndGlobalSection
	GlobalSection(SolutionProperties) = preSolution
		HideSolutionNode = FALSE
	EndGlobalSection
	GlobalSection(ExtensibilityGlobals) = postSolution
		SolutionGuid = {98F98303-FDD6-4DDD-A360-D73E6C31D866}
	EndGlobalSection
EndGlobal
